# THIS IS AN AUTOGENERATED FILE. DO NOT EDIT THIS FILE DIRECTLY.
# yarn lockfile v1


"@aptos-labs/aptos-cli@latest":
  version "0.1.2"
  resolved "https://registry.npmjs.org/@aptos-labs/aptos-cli/-/aptos-cli-0.1.2.tgz#7ceba8eb377c3a597568a369cc91d4b78f08323f"
  integrity sha512-MCi+9xPDG/Fx6c6b9ACqyQBYJLHqKJQKB8lay/1sUNJ2mNBB2OU1Lkmd5pmjUG1JbZ5cg2Fmgid5iMKdTnphhA==
